Microsoft Visual Studio Solution File, Format Version 12.00
# Visual Studio Version 17
VisualStudioVersion = 17.5.2.0
MinimumVisualStudioVersion = 10.0.40219.1
Project("{FAE04EC0-301F-11D3-BF4B-00C04F79EFBC}") = "FeatureFlag.Api", "FeatureFlag.Api\FeatureFlag.Api.csproj", "{01B062A0-F6A5-1AF1-0926-57405319BA0F}"
EndProject
Project("{FAE04EC0-301F-11D3-BF4B-00C04F79EFBC}") = "FeatureFlag.Contracts", "FeatureFlag.Contracts\FeatureFlag.Contracts.csproj", "{FDB2016C-5823-4684-996F-A1BD5456B8DE}"
EndProject
Project("{FAE04EC0-301F-11D3-BF4B-00C04F79EFBC}") = "FeatureFlag.Application", "FeatureFlag.Application\FeatureFlag.Application.csproj", "{47B4A074-E3CC-46FC-BDEA-C679307EA620}"
EndProject
Global
	GlobalSection(SolutionConfigurationPlatforms) = preSolution
		Debug|Any CPU = Debug|Any CPU
		Release|Any CPU = Release|Any CPU
	EndGlobalSection
	GlobalSection(ProjectConfigurationPlatforms) = postSolution
		{01B062A0-F6A5-1AF1-0926-57405319BA0F}.Debug|Any CPU.ActiveCfg = Debug|Any CPU
		{01B062A0-F6A5-1AF1-0926-57405319BA0F}.Debug|Any CPU.Build.0 = Debug|Any CPU
		{01B062A0-F6A5-1AF1-0926-57405319BA0F}.Release|Any CPU.ActiveCfg = Release|Any CPU
		{01B062A0-F6A5-1AF1-0926-57405319BA0F}.Release|Any CPU.Build.0 = Release|Any CPU
		{FDB2016C-5823-4684-996F-A1BD5456B8DE}.Debug|Any CPU.ActiveCfg = Debug|Any CPU
		{FDB2016C-5823-4684-996F-A1BD5456B8DE}.Debug|Any CPU.Build.0 = Debug|Any CPU
		{FDB2016C-5823-4684-996F-A1BD5456B8DE}.Release|Any CPU.ActiveCfg = Release|Any CPU
		{FDB2016C-5823-4684-996F-A1BD5456B8DE}.Release|Any CPU.Build.0 = Release|Any CPU
		{47B4A074-E3CC-46FC-BDEA-C679307EA620}.Debug|Any CPU.ActiveCfg = Debug|Any CPU
		{47B4A074-E3CC-46FC-BDEA-C679307EA620}.Debug|Any CPU.Build.0 = Debug|Any CPU
		{47B4A074-E3CC-46FC-BDEA-C679307EA620}.Release|Any CPU.ActiveCfg = Release|Any CPU
		{47B4A074-E3CC-46FC-BDEA-C679307EA620}.Release|Any CPU.Build.0 = Release|Any CPU
	EndGlobalSection
	GlobalSection(SolutionProperties) = preSolution
		HideSolutionNode = FALSE
	EndGlobalSection
	GlobalSection(ExtensibilityGlobals) = postSolution
		SolutionGuid = {F2F14A21-0673-4D60-A58C-73C26B3A2AE4}
	EndGlobalSection
EndGlobal
